
Microsoft Visual Studio Solution File, Format Version 12.00
# Visual Studio Version 17
VisualStudioVersion = 17.14.36401.2 d17.14
MinimumVisualStudioVersion = 10.0.40219.1
Project("{FAE04EC0-301F-11D3-BF4B-00C04F79EFBC}") = "Infnet", "Infnet\Infnet.csproj", "{E2AFCAB0-0DA7-4CC5-8EEA-DD0B4DD345BD}"
EndProject
Global
	GlobalSection(SolutionConfigurationPlatforms) = preSolution
		Debug|Any CPU = Debug|Any CPU
		Release|Any CPU = Release|Any CPU
	EndGlobalSection
	GlobalSection(ProjectConfigurationPlatforms) = postSolution
		{E2AFCAB0-0DA7-4CC5-8EEA-DD0B4DD345BD}.Debug|Any CPU.ActiveCfg = Debug|Any CPU
		{E2AFCAB0-0DA7-4CC5-8EEA-DD0B4DD345BD}.Debug|Any CPU.Build.0 = Debug|Any CPU
		{E2AFCAB0-0DA7-4CC5-8EEA-DD0B4DD345BD}.Release|Any CPU.ActiveCfg = Release|Any CPU
		{E2AFCAB0-0DA7-4CC5-8EEA-DD0B4DD345BD}.Release|Any CPU.Build.0 = Release|Any CPU
	EndGlobalSection
	GlobalSection(SolutionProperties) = preSolution
		HideSolutionNode = FALSE
	EndGlobalSection
	GlobalSection(ExtensibilityGlobals) = postSolution
		SolutionGuid = {1757323B-7D35-4D21-9359-61080F9595D3}
	EndGlobalSection
EndGlobal
