
Microsoft Visual Studio Solution File, Format Version 12.00
# Visual Studio Version 17
VisualStudioVersion = 17.14.36401.2
MinimumVisualStudioVersion = 10.0.40219.1
Project("{FAE04EC0-301F-11D3-BF4B-00C04F79EFBC}") = "Exercicio01", "exercicio01\Exercicio01.csproj", "{846889DF-D46C-4B58-97BE-CED40E56E938}"
EndProject
Project("{FAE04EC0-301F-11D3-BF4B-00C04F79EFBC}") = "Exercicio02", "Exercicio02\Exercicio02.csproj", "{1335CDEE-2F29-4CE6-9611-84F4ABA22E4B}"
EndProject
Project("{FAE04EC0-301F-11D3-BF4B-00C04F79EFBC}") = "Exercicio03", "Exercicio03\Exercicio03.csproj", "{427128D1-1715-459F-B782-248A97BAAC42}"
EndProject
Project("{FAE04EC0-301F-11D3-BF4B-00C04F79EFBC}") = "Exercicio04", "Exercicio04\Exercicio04.csproj", "{4CF49C1E-9619-4052-9DE2-DCC37853CAB3}"
EndProject
Project("{FAE04EC0-301F-11D3-BF4B-00C04F79EFBC}") = "Exercicio05", "Exercicio05\Exercicio05.csproj", "{4867AECE-DDFF-4BD9-9A07-DF071196DA70}"
EndProject
Project("{FAE04EC0-301F-11D3-BF4B-00C04F79EFBC}") = "Exercicio06", "Exercicio06\Exercicio06.csproj", "{B9B20588-630A-4F26-9680-426DA17451FD}"
EndProject
Project("{FAE04EC0-301F-11D3-BF4B-00C04F79EFBC}") = "Exercicio07", "Exercicio07\Exercicio07.csproj", "{97E39CD4-FAAE-4ABA-BB59-468BDCCE635F}"
EndProject
Project("{FAE04EC0-301F-11D3-BF4B-00C04F79EFBC}") = "Exercicio08", "Exercicio08\Exercicio08.csproj", "{6FA82CB0-C515-4B32-9DC9-CA135124A6DA}"
EndProject
Project("{FAE04EC0-301F-11D3-BF4B-00C04F79EFBC}") = "ProductCatalog", "ProductCatalog\ProductCatalog.csproj", "{53E8F339-CBC8-43BD-8DBE-00149BFB1A0D}"
EndProject
Project("{FAE04EC0-301F-11D3-BF4B-00C04F79EFBC}") = "Exercicio11", "Exercicio11\Exercicio11.csproj", "{59CF9612-874D-4C11-9713-4C323937A588}"
EndProject
Project("{FAE04EC0-301F-11D3-BF4B-00C04F79EFBC}") = "Exercicio12", "Exercicio12\Exercicio12.csproj", "{C8B2E895-50A3-4EDF-B58E-22DC9721B74F}"
EndProject
Global
	GlobalSection(SolutionConfigurationPlatforms) = preSolution
		Debug|Any CPU = Debug|Any CPU
		Debug|x64 = Debug|x64
		Debug|x86 = Debug|x86
		Release|Any CPU = Release|Any CPU
		Release|x64 = Release|x64
		Release|x86 = Release|x86
	EndGlobalSection
	GlobalSection(ProjectConfigurationPlatforms) = postSolution
		{846889DF-D46C-4B58-97BE-CED40E56E938}.Debug|Any CPU.ActiveCfg = Debug|Any CPU
		{846889DF-D46C-4B58-97BE-CED40E56E938}.Debug|Any CPU.Build.0 = Debug|Any CPU
		{846889DF-D46C-4B58-97BE-CED40E56E938}.Debug|x64.ActiveCfg = Debug|Any CPU
		{846889DF-D46C-4B58-97BE-CED40E56E938}.Debug|x64.Build.0 = Debug|Any CPU
		{846889DF-D46C-4B58-97BE-CED40E56E938}.Debug|x86.ActiveCfg = Debug|Any CPU
		{846889DF-D46C-4B58-97BE-CED40E56E938}.Debug|x86.Build.0 = Debug|Any CPU
		{846889DF-D46C-4B58-97BE-CED40E56E938}.Release|Any CPU.ActiveCfg = Release|Any CPU
		{846889DF-D46C-4B58-97BE-CED40E56E938}.Release|Any CPU.Build.0 = Release|Any CPU
		{846889DF-D46C-4B58-97BE-CED40E56E938}.Release|x64.ActiveCfg = Release|Any CPU
		{846889DF-D46C-4B58-97BE-CED40E56E938}.Release|x64.Build.0 = Release|Any CPU
		{846889DF-D46C-4B58-97BE-CED40E56E938}.Release|x86.ActiveCfg = Release|Any CPU
		{846889DF-D46C-4B58-97BE-CED40E56E938}.Release|x86.Build.0 = Release|Any CPU
		{1335CDEE-2F29-4CE6-9611-84F4ABA22E4B}.Debug|Any CPU.ActiveCfg = Debug|Any CPU
		{1335CDEE-2F29-4CE6-9611-84F4ABA22E4B}.Debug|Any CPU.Build.0 = Debug|Any CPU
		{1335CDEE-2F29-4CE6-9611-84F4ABA22E4B}.Debug|x64.ActiveCfg = Debug|Any CPU
		{1335CDEE-2F29-4CE6-9611-84F4ABA22E4B}.Debug|x64.Build.0 = Debug|Any CPU
		{1335CDEE-2F29-4CE6-9611-84F4ABA22E4B}.Debug|x86.ActiveCfg = Debug|Any CPU
		{1335CDEE-2F29-4CE6-9611-84F4ABA22E4B}.Debug|x86.Build.0 = Debug|Any CPU
		{1335CDEE-2F29-4CE6-9611-84F4ABA22E4B}.Release|Any CPU.ActiveCfg = Release|Any CPU
		{1335CDEE-2F29-4CE6-9611-84F4ABA22E4B}.Release|Any CPU.Build.0 = Release|Any CPU
		{1335CDEE-2F29-4CE6-9611-84F4ABA22E4B}.Release|x64.ActiveCfg = Release|Any CPU
		{1335CDEE-2F29-4CE6-9611-84F4ABA22E4B}.Release|x64.Build.0 = Release|Any CPU
		{1335CDEE-2F29-4CE6-9611-84F4ABA22E4B}.Release|x86.ActiveCfg = Release|Any CPU
		{1335CDEE-2F29-4CE6-9611-84F4ABA22E4B}.Release|x86.Build.0 = Release|Any CPU
		{427128D1-1715-459F-B782-248A97BAAC42}.Debug|Any CPU.ActiveCfg = Debug|Any CPU
		{427128D1-1715-459F-B782-248A97BAAC42}.Debug|Any CPU.Build.0 = Debug|Any CPU
		{427128D1-1715-459F-B782-248A97BAAC42}.Debug|x64.ActiveCfg = Debug|Any CPU
		{427128D1-1715-459F-B782-248A97BAAC42}.Debug|x64.Build.0 = Debug|Any CPU
		{427128D1-1715-459F-B782-248A97BAAC42}.Debug|x86.ActiveCfg = Debug|Any CPU
		{427128D1-1715-459F-B782-248A97BAAC42}.Debug|x86.Build.0 = Debug|Any CPU
		{427128D1-1715-459F-B782-248A97BAAC42}.Release|Any CPU.ActiveCfg = Release|Any CPU
		{427128D1-1715-459F-B782-248A97BAAC42}.Release|Any CPU.Build.0 = Release|Any CPU
		{427128D1-1715-459F-B782-248A97BAAC42}.Release|x64.ActiveCfg = Release|Any CPU
		{427128D1-1715-459F-B782-248A97BAAC42}.Release|x64.Build.0 = Release|Any CPU
		{427128D1-1715-459F-B782-248A97BAAC42}.Release|x86.ActiveCfg = Release|Any CPU
		{427128D1-1715-459F-B782-248A97BAAC42}.Release|x86.Build.0 = Release|Any CPU
		{4CF49C1E-9619-4052-9DE2-DCC37853CAB3}.Debug|Any CPU.ActiveCfg = Debug|Any CPU
		{4CF49C1E-9619-4052-9DE2-DCC37853CAB3}.Debug|Any CPU.Build.0 = Debug|Any CPU
		{4CF49C1E-9619-4052-9DE2-DCC37853CAB3}.Debug|x64.ActiveCfg = Debug|Any CPU
		{4CF49C1E-9619-4052-9DE2-DCC37853CAB3}.Debug|x64.Build.0 = Debug|Any CPU
		{4CF49C1E-9619-4052-9DE2-DCC37853CAB3}.Debug|x86.ActiveCfg = Debug|Any CPU
		{4CF49C1E-9619-4052-9DE2-DCC37853CAB3}.Debug|x86.Build.0 = Debug|Any CPU
		{4CF49C1E-9619-4052-9DE2-DCC37853CAB3}.Release|Any CPU.ActiveCfg = Release|Any CPU
		{4CF49C1E-9619-4052-9DE2-DCC37853CAB3}.Release|Any CPU.Build.0 = Release|Any CPU
		{4CF49C1E-9619-4052-9DE2-DCC37853CAB3}.Release|x64.ActiveCfg = Release|Any CPU
		{4CF49C1E-9619-4052-9DE2-DCC37853CAB3}.Release|x64.Build.0 = Release|Any CPU
		{4CF49C1E-9619-4052-9DE2-DCC37853CAB3}.Release|x86.ActiveCfg = Release|Any CPU
		{4CF49C1E-9619-4052-9DE2-DCC37853CAB3}.Release|x86.Build.0 = Release|Any CPU
		{4867AECE-DDFF-4BD9-9A07-DF071196DA70}.Debug|Any CPU.ActiveCfg = Debug|Any CPU
		{4867AECE-DDFF-4BD9-9A07-DF071196DA70}.Debug|Any CPU.Build.0 = Debug|Any CPU
		{4867AECE-DDFF-4BD9-9A07-DF071196DA70}.Debug|x64.ActiveCfg = Debug|Any CPU
		{4867AECE-DDFF-4BD9-9A07-DF071196DA70}.Debug|x64.Build.0 = Debug|Any CPU
		{4867AECE-DDFF-4BD9-9A07-DF071196DA70}.Debug|x86.ActiveCfg = Debug|Any CPU
		{4867AECE-DDFF-4BD9-9A07-DF071196DA70}.Debug|x86.Build.0 = Debug|Any CPU
		{4867AECE-DDFF-4BD9-9A07-DF071196DA70}.Release|Any CPU.ActiveCfg = Release|Any CPU
		{4867AECE-DDFF-4BD9-9A07-DF071196DA70}.Release|Any CPU.Build.0 = Release|Any CPU
		{4867AECE-DDFF-4BD9-9A07-DF071196DA70}.Release|x64.ActiveCfg = Release|Any CPU
		{4867AECE-DDFF-4BD9-9A07-DF071196DA70}.Release|x64.Build.0 = Release|Any CPU
		{4867AECE-DDFF-4BD9-9A07-DF071196DA70}.Release|x86.ActiveCfg = Release|Any CPU
		{4867AECE-DDFF-4BD9-9A07-DF071196DA70}.Release|x86.Build.0 = Release|Any CPU
		{B9B20588-630A-4F26-9680-426DA17451FD}.Debug|Any CPU.ActiveCfg = Debug|Any CPU
		{B9B20588-630A-4F26-9680-426DA17451FD}.Debug|Any CPU.Build.0 = Debug|Any CPU
		{B9B20588-630A-4F26-9680-426DA17451FD}.Debug|x64.ActiveCfg = Debug|Any CPU
		{B9B20588-630A-4F26-9680-426DA17451FD}.Debug|x64.Build.0 = Debug|Any CPU
		{B9B20588-630A-4F26-9680-426DA17451FD}.Debug|x86.ActiveCfg = Debug|Any CPU
		{B9B20588-630A-4F26-9680-426DA17451FD}.Debug|x86.Build.0 = Debug|Any CPU
		{B9B20588-630A-4F26-9680-426DA17451FD}.Release|Any CPU.ActiveCfg = Release|Any CPU
		{B9B20588-630A-4F26-9680-426DA17451FD}.Release|Any CPU.Build.0 = Release|Any CPU
		{B9B20588-630A-4F26-9680-426DA17451FD}.Release|x64.ActiveCfg = Release|Any CPU
		{B9B20588-630A-4F26-9680-426DA17451FD}.Release|x64.Build.0 = Release|Any CPU
		{B9B20588-630A-4F26-9680-426DA17451FD}.Release|x86.ActiveCfg = Release|Any CPU
		{B9B20588-630A-4F26-9680-426DA17451FD}.Release|x86.Build.0 = Release|Any CPU
		{97E39CD4-FAAE-4ABA-BB59-468BDCCE635F}.Debug|Any CPU.ActiveCfg = Debug|Any CPU
		{97E39CD4-FAAE-4ABA-BB59-468BDCCE635F}.Debug|Any CPU.Build.0 = Debug|Any CPU
		{97E39CD4-FAAE-4ABA-BB59-468BDCCE635F}.Debug|x64.ActiveCfg = Debug|Any CPU
		{97E39CD4-FAAE-4ABA-BB59-468BDCCE635F}.Debug|x64.Build.0 = Debug|Any CPU
		{97E39CD4-FAAE-4ABA-BB59-468BDCCE635F}.Debug|x86.ActiveCfg = Debug|Any CPU
		{97E39CD4-FAAE-4ABA-BB59-468BDCCE635F}.Debug|x86.Build.0 = Debug|Any CPU
		{97E39CD4-FAAE-4ABA-BB59-468BDCCE635F}.Release|Any CPU.ActiveCfg = Release|Any CPU
		{97E39CD4-FAAE-4ABA-BB59-468BDCCE635F}.Release|Any CPU.Build.0 = Release|Any CPU
		{97E39CD4-FAAE-4ABA-BB59-468BDCCE635F}.Release|x64.ActiveCfg = Release|Any CPU
		{97E39CD4-FAAE-4ABA-BB59-468BDCCE635F}.Release|x64.Build.0 = Release|Any CPU
		{97E39CD4-FAAE-4ABA-BB59-468BDCCE635F}.Release|x86.ActiveCfg = Release|Any CPU
		{97E39CD4-FAAE-4ABA-BB59-468BDCCE635F}.Release|x86.Build.0 = Release|Any CPU
		{6FA82CB0-C515-4B32-9DC9-CA135124A6DA}.Debug|Any CPU.ActiveCfg = Debug|Any CPU
		{6FA82CB0-C515-4B32-9DC9-CA135124A6DA}.Debug|Any CPU.Build.0 = Debug|Any CPU
		{6FA82CB0-C515-4B32-9DC9-CA135124A6DA}.Debug|x64.ActiveCfg = Debug|Any CPU
		{6FA82CB0-C515-4B32-9DC9-CA135124A6DA}.Debug|x64.Build.0 = Debug|Any CPU
		{6FA82CB0-C515-4B32-9DC9-CA135124A6DA}.Debug|x86.ActiveCfg = Debug|Any CPU
		{6FA82CB0-C515-4B32-9DC9-CA135124A6DA}.Debug|x86.Build.0 = Debug|Any CPU
		{6FA82CB0-C515-4B32-9DC9-CA135124A6DA}.Release|Any CPU.ActiveCfg = Release|Any CPU
		{6FA82CB0-C515-4B32-9DC9-CA135124A6DA}.Release|Any CPU.Build.0 = Release|Any CPU
		{6FA82CB0-C515-4B32-9DC9-CA135124A6DA}.Release|x64.ActiveCfg = Release|Any CPU
		{6FA82CB0-C515-4B32-9DC9-CA135124A6DA}.Release|x64.Build.0 = Release|Any CPU
		{6FA82CB0-C515-4B32-9DC9-CA135124A6DA}.Release|x86.ActiveCfg = Release|Any CPU
		{6FA82CB0-C515-4B32-9DC9-CA135124A6DA}.Release|x86.Build.0 = Release|Any CPU
		{53E8F339-CBC8-43BD-8DBE-00149BFB1A0D}.Debug|Any CPU.ActiveCfg = Debug|Any CPU
		{53E8F339-CBC8-43BD-8DBE-00149BFB1A0D}.Debug|Any CPU.Build.0 = Debug|Any CPU
		{53E8F339-CBC8-43BD-8DBE-00149BFB1A0D}.Debug|x64.ActiveCfg = Debug|Any CPU
		{53E8F339-CBC8-43BD-8DBE-00149BFB1A0D}.Debug|x64.Build.0 = Debug|Any CPU
		{53E8F339-CBC8-43BD-8DBE-00149BFB1A0D}.Debug|x86.ActiveCfg = Debug|Any CPU
		{53E8F339-CBC8-43BD-8DBE-00149BFB1A0D}.Debug|x86.Build.0 = Debug|Any CPU
		{53E8F339-CBC8-43BD-8DBE-00149BFB1A0D}.Release|Any CPU.ActiveCfg = Release|Any CPU
		{53E8F339-CBC8-43BD-8DBE-00149BFB1A0D}.Release|Any CPU.Build.0 = Release|Any CPU
		{53E8F339-CBC8-43BD-8DBE-00149BFB1A0D}.Release|x64.ActiveCfg = Release|Any CPU
		{53E8F339-CBC8-43BD-8DBE-00149BFB1A0D}.Release|x64.Build.0 = Release|Any CPU
		{53E8F339-CBC8-43BD-8DBE-00149BFB1A0D}.Release|x86.ActiveCfg = Release|Any CPU
		{53E8F339-CBC8-43BD-8DBE-00149BFB1A0D}.Release|x86.Build.0 = Release|Any CPU
		{59CF9612-874D-4C11-9713-4C323937A588}.Debug|Any CPU.ActiveCfg = Debug|Any CPU
		{59CF9612-874D-4C11-9713-4C323937A588}.Debug|Any CPU.Build.0 = Debug|Any CPU
		{59CF9612-874D-4C11-9713-4C323937A588}.Debug|x64.ActiveCfg = Debug|Any CPU
		{59CF9612-874D-4C11-9713-4C323937A588}.Debug|x64.Build.0 = Debug|Any CPU
		{59CF9612-874D-4C11-9713-4C323937A588}.Debug|x86.ActiveCfg = Debug|Any CPU
		{59CF9612-874D-4C11-9713-4C323937A588}.Debug|x86.Build.0 = Debug|Any CPU
		{59CF9612-874D-4C11-9713-4C323937A588}.Release|Any CPU.ActiveCfg = Release|Any CPU
		{59CF9612-874D-4C11-9713-4C323937A588}.Release|Any CPU.Build.0 = Release|Any CPU
		{59CF9612-874D-4C11-9713-4C323937A588}.Release|x64.ActiveCfg = Release|Any CPU
		{59CF9612-874D-4C11-9713-4C323937A588}.Release|x64.Build.0 = Release|Any CPU
		{59CF9612-874D-4C11-9713-4C323937A588}.Release|x86.ActiveCfg = Release|Any CPU
		{59CF9612-874D-4C11-9713-4C323937A588}.Release|x86.Build.0 = Release|Any CPU
		{C8B2E895-50A3-4EDF-B58E-22DC9721B74F}.Debug|Any CPU.ActiveCfg = Debug|Any CPU
		{C8B2E895-50A3-4EDF-B58E-22DC9721B74F}.Debug|Any CPU.Build.0 = Debug|Any CPU
		{C8B2E895-50A3-4EDF-B58E-22DC9721B74F}.Debug|x64.ActiveCfg = Debug|Any CPU
		{C8B2E895-50A3-4EDF-B58E-22DC9721B74F}.Debug|x64.Build.0 = Debug|Any CPU
		{C8B2E895-50A3-4EDF-B58E-22DC9721B74F}.Debug|x86.ActiveCfg = Debug|Any CPU
		{C8B2E895-50A3-4EDF-B58E-22DC9721B74F}.Debug|x86.Build.0 = Debug|Any CPU
		{C8B2E895-50A3-4EDF-B58E-22DC9721B74F}.Release|Any CPU.ActiveCfg = Release|Any CPU
		{C8B2E895-50A3-4EDF-B58E-22DC9721B74F}.Release|Any CPU.Build.0 = Release|Any CPU
		{C8B2E895-50A3-4EDF-B58E-22DC9721B74F}.Release|x64.ActiveCfg = Release|Any CPU
		{C8B2E895-50A3-4EDF-B58E-22DC9721B74F}.Release|x64.Build.0 = Release|Any CPU
		{C8B2E895-50A3-4EDF-B58E-22DC9721B74F}.Release|x86.ActiveCfg = Release|Any CPU
		{C8B2E895-50A3-4EDF-B58E-22DC9721B74F}.Release|x86.Build.0 = Release|Any CPU
	EndGlobalSection
	GlobalSection(SolutionProperties) = preSolution
		HideSolutionNode = FALSE
	EndGlobalSection
	GlobalSection(ExtensibilityGlobals) = postSolution
		SolutionGuid = {7C26D92F-CD74-4ACD-B0E5-5AC2B235FBF9}
	EndGlobalSection
EndGlobal
